
Microsoft Visual Studio Solution File, Format Version 12.00
# Visual Studio Version 17
VisualStudioVersion = 17.7.34031.279
MinimumVisualStudioVersion = 10.0.40219.1
Project("{FAE04EC0-301F-11D3-BF4B-00C04F79EFBC}") = "Mega-Sena", "Mega-Sena\Mega-Sena.csproj", "{0501C33F-70E5-415B-8BC1-101648BA59B8}"
EndProject
Global
	GlobalSection(SolutionConfigurationPlatforms) = preSolution
		Debug|Any CPU = Debug|Any CPU
		Release|Any CPU = Release|Any CPU
	EndGlobalSection
	GlobalSection(ProjectConfigurationPlatforms) = postSolution
		{0501C33F-70E5-415B-8BC1-101648BA59B8}.Debug|Any CPU.ActiveCfg = Debug|Any CPU
		{0501C33F-70E5-415B-8BC1-101648BA59B8}.Debug|Any CPU.Build.0 = Debug|Any CPU
		{0501C33F-70E5-415B-8BC1-101648BA59B8}.Release|Any CPU.ActiveCfg = Release|Any CPU
		{0501C33F-70E5-415B-8BC1-101648BA59B8}.Release|Any CPU.Build.0 = Release|Any CPU
	EndGlobalSection
	GlobalSection(SolutionProperties) = preSolution
		HideSolutionNode = FALSE
	EndGlobalSection
	GlobalSection(ExtensibilityGlobals) = postSolution
		SolutionGuid = {18666027-1BF8-4AC8-AE38-96139A83E816}
	EndGlobalSection
EndGlobal
